FORGE
  remote: https://forgeapi.puppetlabs.com
  specs:
    camptocamp-openssl (1.10.0)
      puppetlabs-stdlib (< 5.0.0, >= 2.0.0)
    herculesteam-augeasproviders_core (2.4.0)
      puppetlabs-stdlib (< 6.0.0, >= 3.2.0)
    herculesteam-augeasproviders_sysctl (2.3.1)
      herculesteam-augeasproviders_core (< 3.0.0, >= 2.4.0)
    petems-swap_file (4.0.0)
      herculesteam-augeasproviders_core (< 3.0.0, >= 2.1.0)
      herculesteam-augeasproviders_sysctl (< 3.0.0, >= 2.1.0)
      puppetlabs-stdlib (< 5.0.0, >= 4.7.0)
    puppet-archive (3.2.1)
      puppetlabs-stdlib (< 6.0.0, >= 4.13.1)
    puppet-php (6.0.2)
      puppet-archive (< 4.0.0, >= 1.0.0)
      puppet-zypprepo (< 3.0.0, >= 2.0.0)
      puppetlabs-apt (< 7.0.0, >= 4.4.0)
      puppetlabs-inifile (< 3.0.0, >= 1.4.1)
      puppetlabs-stdlib (< 6.0.0, >= 4.16.0)
    puppet-ssh_keygen (3.0.1)
      puppetlabs-stdlib (< 6.0.0, >= 4.13.1)
    puppet-zypprepo (2.2.2)
    puppetlabs-apache (4.0.0)
      puppetlabs-concat (< 6.0.0, >= 2.2.1)
      puppetlabs-stdlib (< 6.0.0, >= 4.13.1)
    puppetlabs-apt (6.2.1)
      puppetlabs-stdlib (< 6.0.0, >= 4.16.0)
      puppetlabs-translate (< 2.0.0, >= 1.0.0)
    puppetlabs-concat (5.1.0)
      puppetlabs-stdlib (< 6.0.0, >= 4.13.1)
    puppetlabs-inifile (2.5.0)
      puppetlabs-translate (< 2.0.0, >= 1.0.0)
    puppetlabs-mysql (7.0.0)
      puppetlabs-stdlib (< 6.0.0, >= 3.2.0)
      puppetlabs-translate (< 2.0.0, >= 1.0.0)
    puppetlabs-stdlib (4.25.1)
    puppetlabs-translate (1.2.0)

DEPENDENCIES
  camptocamp-openssl (= 1.10.0)
  petems-swap_file (= 4.0.0)
  puppet-php (= 6.0.2)
  puppet-ssh_keygen (= 3.0.1)
  puppetlabs-apache (= 4.0.0)
  puppetlabs-apt (= 6.2.1)
  puppetlabs-concat (= 5.1.0)
  puppetlabs-mysql (= 7.0.0)
  puppetlabs-stdlib (= 4.25.1)

