FORGE
  remote: https://forgeapi.puppetlabs.com
  specs:
    camptocamp-openssl (1.2.4)
      puppetlabs-stdlib (< 5.0.0, >= 2.0.0)
    darin-zypprepo (1.0.2)
    eirc-single_user_rvm (0.3.0)
    example42-firewall (2.1.3)
      example42-iptables (>= 2.0.0)
      example42-puppi (>= 2.0.0)
    example42-iptables (2.1.15)
      example42-puppi (>= 2.0.0)
      puppetlabs-concat (>= 0)
      puppetlabs-stdlib (< 5.0.0, >= 3.2.0)
    example42-monitor (2.0.4)
      example42-puppi (>= 2.0.0)
    example42-puppi (2.2.6)
      puppetlabs-stdlib (< 5.0.0, >= 3.2.0)
    example42-yum (2.1.29)
      example42-puppi (>= 2.0.0)
    golja-gnupg (1.2.3)
    herculesteam-augeasproviders_core (2.1.4)
      puppetlabs-stdlib (< 5.0.0, >= 3.2.0)
    herculesteam-augeasproviders_sysctl (2.2.0)
      herculesteam-augeasproviders_core (< 3.0.0, >= 2.1.0)
    petems-swap_file (4.0.0)
      herculesteam-augeasproviders_core (< 3.0.0, >= 2.1.0)
      herculesteam-augeasproviders_sysctl (< 3.0.0, >= 2.1.0)
      puppetlabs-stdlib (< 5.0.0, >= 4.7.0)
    puppet-archive (1.3.0)
      puppetlabs-stdlib (< 5.0.0, >= 4.6.0)
    puppet-staging (2.2.0)
    puppetlabs-apt (2.4.0)
      puppetlabs-stdlib (< 5.0.0, >= 4.13.0)
    puppetlabs-concat (4.0.1)
      puppetlabs-stdlib (< 5.0.0, >= 4.13.1)
    puppetlabs-inifile (1.6.0)
    puppetlabs-mysql (3.11.0)
      puppet-staging (< 3.0.0, >= 1.0.1)
      puppetlabs-stdlib (< 5.0.0, >= 3.2.0)
    puppetlabs-stdlib (4.19.0)

GIT
  remote: https://github.com/camptocamp/puppet-archive
  ref: 0.8.1
  sha: 57cd546e7e32eaf3085c4548f134b5609d8562a5
  specs:
    camptocamp-archive (0.8.1)

GIT
  remote: https://github.com/example42/puppet-apache
  ref: v2.1.13
  sha: f47cb88846a47c2159a186137f1ce095d6dc194d
  specs:
    example42-apache (2.1.12)
      example42-firewall (>= 2.0.0)
      example42-iptables (>= 2.0.0)
      example42-monitor (>= 2.0.0)
      example42-puppi (>= 2.0.0)
      puppetlabs-concat (>= 1.0.0)
      puppetlabs-stdlib (< 5.0.0, >= 3.2.0)

GIT
  remote: https://github.com/voxpupuli/puppet-php
  ref: v4.0.0
  sha: 912a644c59d4513707cc943d8aa7781eeb4fa55d
  specs:
    puppet-php (4.0.0)
      darin-zypprepo (< 2.0.0, >= 1.0.2)
      example42-yum (< 3.0.0, >= 2.1.28)
      puppet-archive (< 2.0.0, >= 1.0.0)
      puppetlabs-apt (< 3.0.0, >= 2.1.0)
      puppetlabs-inifile (< 2.0.0, >= 1.4.1)
      puppetlabs-stdlib (< 5.0.0, >= 4.6.0)

DEPENDENCIES
  camptocamp-archive (>= 0)
  camptocamp-openssl (= 1.2.4)
  eirc-single_user_rvm (= 0.3.0)
  example42-apache (>= 0)
  golja-gnupg (= 1.2.3)
  petems-swap_file (= 4.0.0)
  puppet-php (>= 0)
  puppetlabs-apt (= 2.4.0)
  puppetlabs-concat (= 4.0.1)
  puppetlabs-mysql (= 3.11.0)
  puppetlabs-stdlib (= 4.19.0)

